
Microsoft Visual Studio Solution File, Format Version 12.00
# Visual Studio Version 17
VisualStudioVersion = 17.2.32519.379
MinimumVisualStudioVersion = 10.0.40219.1
Project("{FAE04EC0-301F-11D3-BF4B-00C04F79EFBC}") = "Vigener", "Vigener\Vigener.csproj", "{C2FBEA67-0A48-4460-9EE5-4FD54513EBDB}"
EndProject
Global
	GlobalSection(SolutionConfigurationPlatforms) = preSolution
		Debug|Any CPU = Debug|Any CPU
		Release|Any CPU = Release|Any CPU
	EndGlobalSection
	GlobalSection(ProjectConfigurationPlatforms) = postSolution
		{C2FBEA67-0A48-4460-9EE5-4FD54513EBDB}.Debug|Any CPU.ActiveCfg = Debug|Any CPU
		{C2FBEA67-0A48-4460-9EE5-4FD54513EBDB}.Debug|Any CPU.Build.0 = Debug|Any CPU
		{C2FBEA67-0A48-4460-9EE5-4FD54513EBDB}.Release|Any CPU.ActiveCfg = Release|Any CPU
		{C2FBEA67-0A48-4460-9EE5-4FD54513EBDB}.Release|Any CPU.Build.0 = Release|Any CPU
	EndGlobalSection
	GlobalSection(SolutionProperties) = preSolution
		HideSolutionNode = FALSE
	EndGlobalSection
	GlobalSection(ExtensibilityGlobals) = postSolution
		SolutionGuid = {09F9D43C-1A9F-4AD1-B237-729E146630E7}
	EndGlobalSection
EndGlobal
